
Microsoft Visual Studio Solution File, Format Version 12.00
# Visual Studio Version 16
VisualStudioVersion = 16.0.31205.134
MinimumVisualStudioVersion = 10.0.40219.1
Project("{FAE04EC0-301F-11D3-BF4B-00C04F79EFBC}") = "order", "order\order.csproj", "{0BE9BD9D-5C12-4A23-8B5F-DE5B121768F9}"
EndProject
Global
	GlobalSection(SolutionConfigurationPlatforms) = preSolution
		Debug|Any CPU = Debug|Any CPU
		Release|Any CPU = Release|Any CPU
	EndGlobalSection
	GlobalSection(ProjectConfigurationPlatforms) = postSolution
		{0BE9BD9D-5C12-4A23-8B5F-DE5B121768F9}.Debug|Any CPU.ActiveCfg = Debug|Any CPU
		{0BE9BD9D-5C12-4A23-8B5F-DE5B121768F9}.Debug|Any CPU.Build.0 = Debug|Any CPU
		{0BE9BD9D-5C12-4A23-8B5F-DE5B121768F9}.Release|Any CPU.ActiveCfg = Release|Any CPU
		{0BE9BD9D-5C12-4A23-8B5F-DE5B121768F9}.Release|Any CPU.Build.0 = Release|Any CPU
	EndGlobalSection
	GlobalSection(SolutionProperties) = preSolution
		HideSolutionNode = FALSE
	EndGlobalSection
	GlobalSection(ExtensibilityGlobals) = postSolution
		SolutionGuid = {FB799EA4-D6A6-4B8E-BA4B-3A901BA43C8B}
	EndGlobalSection
EndGlobal
